
Microsoft Visual Studio Solution File, Format Version 12.00
# Visual Studio Version 17
VisualStudioVersion = 17.0.31903.59
MinimumVisualStudioVersion = 10.0.40219.1
Project("{2150E333-8FDC-42A3-9474-1A3956D46DE8}") = "src", "src", "{9AC2FA51-E607-41A1-9AE7-5D3410FB7A5F}"
EndProject
Project("{2150E333-8FDC-42A3-9474-1A3956D46DE8}") = "2023", "2023", "{8662A488-9BAE-4E5F-A848-8E65A1D2D638}"
EndProject
Project("{FAE04EC0-301F-11D3-BF4B-00C04F79EFBC}") = "01", "src\2023\01\01.csproj", "{FD8A0D2A-6982-43A8-89E8-D8962A0CC8BC}"
EndProject
Project("{FAE04EC0-301F-11D3-BF4B-00C04F79EFBC}") = "02", "src\2023\02\02.csproj", "{43897C03-C825-4138-BC21-AB7FCB2C237C}"
EndProject
Project("{FAE04EC0-301F-11D3-BF4B-00C04F79EFBC}") = "03", "src\2023\03\03.csproj", "{A926EAAE-D8F5-415B-B6CC-CE9C6B2FDB59}"
EndProject
Project("{FAE04EC0-301F-11D3-BF4B-00C04F79EFBC}") = "04", "src\2023\04\04.csproj", "{D2B012F8-B61F-4743-8051-F43D85C8D483}"
EndProject
Project("{FAE04EC0-301F-11D3-BF4B-00C04F79EFBC}") = "05", "src\2023\05\05.csproj", "{B4CC7AD9-17E2-4D08-B1E7-2039C9916153}"
EndProject
Project("{FAE04EC0-301F-11D3-BF4B-00C04F79EFBC}") = "06", "src\2023\06\06.csproj", "{2C8497D6-AC22-4BF8-87D4-F9DB2D8A7790}"
EndProject
Project("{FAE04EC0-301F-11D3-BF4B-00C04F79EFBC}") = "07", "src\2023\07\07.csproj", "{0E73977D-8B29-4ED1-80BE-6A8314A0ECEF}"
EndProject
Global
	GlobalSection(SolutionConfigurationPlatforms) = preSolution
		Debug|Any CPU = Debug|Any CPU
		Release|Any CPU = Release|Any CPU
	EndGlobalSection
	GlobalSection(SolutionProperties) = preSolution
		HideSolutionNode = FALSE
	EndGlobalSection
	GlobalSection(ProjectConfigurationPlatforms) = postSolution
		{FD8A0D2A-6982-43A8-89E8-D8962A0CC8BC}.Debug|Any CPU.ActiveCfg = Debug|Any CPU
		{FD8A0D2A-6982-43A8-89E8-D8962A0CC8BC}.Debug|Any CPU.Build.0 = Debug|Any CPU
		{FD8A0D2A-6982-43A8-89E8-D8962A0CC8BC}.Release|Any CPU.ActiveCfg = Release|Any CPU
		{FD8A0D2A-6982-43A8-89E8-D8962A0CC8BC}.Release|Any CPU.Build.0 = Release|Any CPU
		{43897C03-C825-4138-BC21-AB7FCB2C237C}.Debug|Any CPU.ActiveCfg = Debug|Any CPU
		{43897C03-C825-4138-BC21-AB7FCB2C237C}.Debug|Any CPU.Build.0 = Debug|Any CPU
		{43897C03-C825-4138-BC21-AB7FCB2C237C}.Release|Any CPU.ActiveCfg = Release|Any CPU
		{43897C03-C825-4138-BC21-AB7FCB2C237C}.Release|Any CPU.Build.0 = Release|Any CPU
		{A926EAAE-D8F5-415B-B6CC-CE9C6B2FDB59}.Debug|Any CPU.ActiveCfg = Debug|Any CPU
		{A926EAAE-D8F5-415B-B6CC-CE9C6B2FDB59}.Debug|Any CPU.Build.0 = Debug|Any CPU
		{A926EAAE-D8F5-415B-B6CC-CE9C6B2FDB59}.Release|Any CPU.ActiveCfg = Release|Any CPU
		{A926EAAE-D8F5-415B-B6CC-CE9C6B2FDB59}.Release|Any CPU.Build.0 = Release|Any CPU
		{D2B012F8-B61F-4743-8051-F43D85C8D483}.Debug|Any CPU.ActiveCfg = Debug|Any CPU
		{D2B012F8-B61F-4743-8051-F43D85C8D483}.Debug|Any CPU.Build.0 = Debug|Any CPU
		{D2B012F8-B61F-4743-8051-F43D85C8D483}.Release|Any CPU.ActiveCfg = Release|Any CPU
		{D2B012F8-B61F-4743-8051-F43D85C8D483}.Release|Any CPU.Build.0 = Release|Any CPU
		{B4CC7AD9-17E2-4D08-B1E7-2039C9916153}.Debug|Any CPU.ActiveCfg = Debug|Any CPU
		{B4CC7AD9-17E2-4D08-B1E7-2039C9916153}.Debug|Any CPU.Build.0 = Debug|Any CPU
		{B4CC7AD9-17E2-4D08-B1E7-2039C9916153}.Release|Any CPU.ActiveCfg = Release|Any CPU
		{B4CC7AD9-17E2-4D08-B1E7-2039C9916153}.Release|Any CPU.Build.0 = Release|Any CPU
		{2C8497D6-AC22-4BF8-87D4-F9DB2D8A7790}.Debug|Any CPU.ActiveCfg = Debug|Any CPU
		{2C8497D6-AC22-4BF8-87D4-F9DB2D8A7790}.Debug|Any CPU.Build.0 = Debug|Any CPU
		{2C8497D6-AC22-4BF8-87D4-F9DB2D8A7790}.Release|Any CPU.ActiveCfg = Release|Any CPU
		{2C8497D6-AC22-4BF8-87D4-F9DB2D8A7790}.Release|Any CPU.Build.0 = Release|Any CPU
		{0E73977D-8B29-4ED1-80BE-6A8314A0ECEF}.Debug|Any CPU.ActiveCfg = Debug|Any CPU
		{0E73977D-8B29-4ED1-80BE-6A8314A0ECEF}.Debug|Any CPU.Build.0 = Debug|Any CPU
		{0E73977D-8B29-4ED1-80BE-6A8314A0ECEF}.Release|Any CPU.ActiveCfg = Release|Any CPU
		{0E73977D-8B29-4ED1-80BE-6A8314A0ECEF}.Release|Any CPU.Build.0 = Release|Any CPU
	EndGlobalSection
	GlobalSection(NestedProjects) = preSolution
		{8662A488-9BAE-4E5F-A848-8E65A1D2D638} = {9AC2FA51-E607-41A1-9AE7-5D3410FB7A5F}
		{FD8A0D2A-6982-43A8-89E8-D8962A0CC8BC} = {8662A488-9BAE-4E5F-A848-8E65A1D2D638}
		{43897C03-C825-4138-BC21-AB7FCB2C237C} = {8662A488-9BAE-4E5F-A848-8E65A1D2D638}
		{A926EAAE-D8F5-415B-B6CC-CE9C6B2FDB59} = {8662A488-9BAE-4E5F-A848-8E65A1D2D638}
		{D2B012F8-B61F-4743-8051-F43D85C8D483} = {8662A488-9BAE-4E5F-A848-8E65A1D2D638}
		{B4CC7AD9-17E2-4D08-B1E7-2039C9916153} = {8662A488-9BAE-4E5F-A848-8E65A1D2D638}
		{2C8497D6-AC22-4BF8-87D4-F9DB2D8A7790} = {8662A488-9BAE-4E5F-A848-8E65A1D2D638}
		{0E73977D-8B29-4ED1-80BE-6A8314A0ECEF} = {8662A488-9BAE-4E5F-A848-8E65A1D2D638}
	EndGlobalSection
EndGlobal
